PODS:
  - DoraemonKit/Core (3.1.3):
    - FMDB
    - GCDWebServer
    - GCDWebServer/WebDAV
    - GCDWebServer/WebUploader
  - DoraemonKit/WithDatabase (3.1.3):
    - DoraemonKit/Core
    - YYDebugDatabase
  - DoraemonKit/WithGPS (3.1.3):
    - DoraemonKit/Core
  - DoraemonKit/WithLoad (3.1.3):
    - DoraemonKit/Core
  - FMDB (2.7.5):
    - FMDB/standard (= 2.7.5)
  - FMDB/standard (2.7.5)
  - GCDWebServer (3.5.4):
    - GCDWebServer/Core (= 3.5.4)
  - GCDWebServer/Core (3.5.4)
  - GCDWebServer/WebDAV (3.5.4):
    - GCDWebServer/Core
  - GCDWebServer/WebUploader (3.5.4):
    - GCDWebServer/Core
  - YYDebugDatabase (2.1.1):
    - FMDB
    - GCDWebServer

DEPENDENCIES:
  - DoraemonKit/Core (from `..`)
  - DoraemonKit/WithDatabase (from `..`)
  - DoraemonKit/WithGPS (from `..`)
  - DoraemonKit/WithLoad (from `..`)

SPEC REPOS:
  trunk:
    - FMDB
    - GCDWebServer
    - YYDebugDatabase

EXTERNAL SOURCES:
  DoraemonKit:
    :path: ".."

SPEC CHECKSUMS:
  DoraemonKit: 52058099fbcff2f7c6767c8f3a792573c98ec7a1
  FMDB: 2ce00b547f966261cd18927a3ddb07cb6f3db82a
  GCDWebServer: 2c156a56c8226e2d5c0c3f208a3621ccffbe3ce4
  YYDebugDatabase: 2e815f2b5ba7ff49aa298ea265dec6a7aa4664ad

PODFILE CHECKSUM: 72b181183f9e35ceb223ad990f683a83992f6b7d

COCOAPODS: 1.11.2
